Microsoft Visual Studio Solution File, Format Version 12.00
# Visual Studio Version 17
VisualStudioVersion = 17.0.00000.0
MinimumVisualStudioVersion = 10.0.40219.1
Project("{FAE04EC0-301F-11D3-BF4B-00C04F79EFBC}") = "PdfReader.Core", "src\PdfReader.Core\PdfReader.Core.csproj", "{328980DE-0871-4893-A721-B04213A811E5}"
EndProject
Project("{FAE04EC0-301F-11D3-BF4B-00C04F79EFBC}") = "PdfReader.Api", "src\PdfReader.Api\PdfReader.Api.csproj", "{0D11DA49-9D0D-45D9-9203-5504FDA24587}"
EndProject
Project("{FAE04EC0-301F-11D3-BF4B-00C04F79EFBC}") = "PdfReader.Worker", "src\PdfReader.Worker\PdfReader.Worker.csproj", "{154BBFBB-8C59-4829-99E4-48C035711AD2}"
EndProject
Project("{2150E333-8FDC-42A3-9474-1A3956D46DE8}") = "Solution items", "Solution items", "{1274AF95-922C-482B-88CF-C70F0978C5EE}"
	ProjectSection(SolutionItems) = preProject
		Directory.Packages.props = Directory.Packages.props
	EndProjectSection
EndProject
Global
    GlobalSection(SolutionConfigurationPlatforms) = preSolution
        Debug|Any CPU = Debug|Any CPU
        Release|Any CPU = Release|Any CPU
    EndGlobalSection
    GlobalSection(ProjectConfigurationPlatforms) = postSolution
        {328980DE-0871-4893-A721-B04213A811E5}.Debug|Any CPU.ActiveCfg = Debug|Any CPU
        {328980DE-0871-4893-A721-B04213A811E5}.Debug|Any CPU.Build.0 = Debug|Any CPU
        {328980DE-0871-4893-A721-B04213A811E5}.Release|Any CPU.ActiveCfg = Release|Any CPU
        {328980DE-0871-4893-A721-B04213A811E5}.Release|Any CPU.Build.0 = Release|Any CPU
        {0D11DA49-9D0D-45D9-9203-5504FDA24587}.Debug|Any CPU.ActiveCfg = Debug|Any CPU
        {0D11DA49-9D0D-45D9-9203-5504FDA24587}.Debug|Any CPU.Build.0 = Debug|Any CPU
        {0D11DA49-9D0D-45D9-9203-5504FDA24587}.Release|Any CPU.ActiveCfg = Release|Any CPU
        {0D11DA49-9D0D-45D9-9203-5504FDA24587}.Release|Any CPU.Build.0 = Release|Any CPU
        {154BBFBB-8C59-4829-99E4-48C035711AD2}.Debug|Any CPU.ActiveCfg = Debug|Any CPU
        {154BBFBB-8C59-4829-99E4-48C035711AD2}.Debug|Any CPU.Build.0 = Debug|Any CPU
        {154BBFBB-8C59-4829-99E4-48C035711AD2}.Release|Any CPU.ActiveCfg = Release|Any CPU
        {154BBFBB-8C59-4829-99E4-48C035711AD2}.Release|Any CPU.Build.0 = Release|Any CPU
    EndGlobalSection
    GlobalSection(SolutionProperties) = preSolution
        HideSolutionNode = FALSE
    EndGlobalSection
EndGlobal
